PODS:
  - Alamofire (4.7.2)
  - BetterSegmentedControl (0.9)
  - IQKeyboardManagerSwift (6.0.3)
  - Kingfisher (4.8.0)
  - SwiftyJSON (4.1.0)
  - Toast-Swift (3.0.1)

DEPENDENCIES:
  - Alamofire (~> 4.7)
  - BetterSegmentedControl (~> 0.9)
  - IQKeyboardManagerSwift
  - Kingfisher
  - SwiftyJSON
  - Toast-Swift (~> 3.0.1)

SPEC REPOS:
  https://github.com/cocoapods/specs.git:
    - Alamofire
    - BetterSegmentedControl
    - IQKeyboardManagerSwift
    - Kingfisher
    - SwiftyJSON
    - Toast-Swift

SPEC CHECKSUMS:
  Alamofire: e4fa87002c137ba2d8d634d2c51fabcda0d5c223
  BetterSegmentedControl: 40b2b6a08bbc59663149624d1b5235efa8d43a3c
  IQKeyboardManagerSwift: 04e8679f85e496bb2c474eeb9284052f1b3c391c
  Kingfisher: 976d828df2b24834c6a3f2fc4d82cdbd26552be1
  SwiftyJSON: c29297daf073d2aa016295d5809cdd68045c39b3
  Toast-Swift: ba0b01b095aada709d915f9beb1d38184a2721c3

PODFILE CHECKSUM: 7a27cefa1ed8b494176f425ba749bd14ceacb831

COCOAPODS: 1.5.2
